
Microsoft Visual Studio Solution File, Format Version 12.00
# Visual Studio Version 17
VisualStudioVersion = 17.2.32630.192
MinimumVisualStudioVersion = 10.0.40219.1
Project("{FAE04EC0-301F-11D3-BF4B-00C04F79EFBC}") = "TicTacToe", "TicTacToe\TicTacToe.csproj", "{D3055889-1399-4B3F-8647-65C5483763A4}"
EndProject
Global
	GlobalSection(SolutionConfigurationPlatforms) = preSolution
		Debug|Any CPU = Debug|Any CPU
		Release|Any CPU = Release|Any CPU
	EndGlobalSection
	GlobalSection(ProjectConfigurationPlatforms) = postSolution
		{D3055889-1399-4B3F-8647-65C5483763A4}.Debug|Any CPU.ActiveCfg = Debug|Any CPU
		{D3055889-1399-4B3F-8647-65C5483763A4}.Debug|Any CPU.Build.0 = Debug|Any CPU
		{D3055889-1399-4B3F-8647-65C5483763A4}.Release|Any CPU.ActiveCfg = Release|Any CPU
		{D3055889-1399-4B3F-8647-65C5483763A4}.Release|Any CPU.Build.0 = Release|Any CPU
	EndGlobalSection
	GlobalSection(SolutionProperties) = preSolution
		HideSolutionNode = FALSE
	EndGlobalSection
	GlobalSection(ExtensibilityGlobals) = postSolution
		SolutionGuid = {14B33630-81C6-405E-B263-C8C08B399F76}
	EndGlobalSection
EndGlobal
